
Microsoft Visual Studio Solution File, Format Version 12.00
# Visual Studio Version 17
VisualStudioVersion = 17.13.35931.197
MinimumVisualStudioVersion = 10.0.40219.1
Project("{8BC9CEB8-8B4A-11D0-8D11-00A0C91BC942}") = "DrimLib", "DrimLib\DrimLib.vcxproj", "{1BD566BF-5472-4F93-B590-4784133DDB9F}"
EndProject
Project("{8BC9CEB8-8B4A-11D0-8D11-00A0C91BC942}") = "DrimApp", "DrimApp\DrimApp.vcxproj", "{214F4EDF-54C3-4EAF-B5D4-0D656E44D5F8}"
EndProject
Project("{8BC9CEB8-8B4A-11D0-8D11-00A0C91BC942}") = "DrimDebugger", "DrimDebugger\DrimDebugger.vcxproj", "{6F6EEF50-B14E-412F-A826-6520187AADB0}"
EndProject
Project("{8BC9CEB8-8B4A-11D0-8D11-00A0C91BC942}") = "DrimEditor", "DrimEditor\DrimEditor.vcxproj", "{5D38B7A2-6DC7-4025-8A4D-F15FD3CF120F}"
EndProject
Project("{2150E333-8FDC-42A3-9474-1A3956D46DE8}") = "Éléments de solution", "Éléments de solution", "{9C8CB701-102D-CF49-A3E0-89AC09D42C2C}"
	ProjectSection(SolutionItems) = preProject
		CMakeLists.txt = CMakeLists.txt
		file structure.txt = file structure.txt
		LICENSE = LICENSE
		README.md = README.md
		solution structure.txt = solution structure.txt
	EndProjectSection
EndProject
Global
	GlobalSection(SolutionConfigurationPlatforms) = preSolution
		Debug|x64 = Debug|x64
		Debug|x86 = Debug|x86
		Release|x64 = Release|x64
		Release|x86 = Release|x86
	EndGlobalSection
	GlobalSection(ProjectConfigurationPlatforms) = postSolution
		{1BD566BF-5472-4F93-B590-4784133DDB9F}.Debug|x64.ActiveCfg = Debug|x64
		{1BD566BF-5472-4F93-B590-4784133DDB9F}.Debug|x64.Build.0 = Debug|x64
		{1BD566BF-5472-4F93-B590-4784133DDB9F}.Debug|x86.ActiveCfg = Debug|Win32
		{1BD566BF-5472-4F93-B590-4784133DDB9F}.Debug|x86.Build.0 = Debug|Win32
		{1BD566BF-5472-4F93-B590-4784133DDB9F}.Release|x64.ActiveCfg = Release|x64
		{1BD566BF-5472-4F93-B590-4784133DDB9F}.Release|x64.Build.0 = Release|x64
		{1BD566BF-5472-4F93-B590-4784133DDB9F}.Release|x86.ActiveCfg = Release|Win32
		{1BD566BF-5472-4F93-B590-4784133DDB9F}.Release|x86.Build.0 = Release|Win32
		{214F4EDF-54C3-4EAF-B5D4-0D656E44D5F8}.Debug|x64.ActiveCfg = Debug|x64
		{214F4EDF-54C3-4EAF-B5D4-0D656E44D5F8}.Debug|x64.Build.0 = Debug|x64
		{214F4EDF-54C3-4EAF-B5D4-0D656E44D5F8}.Debug|x86.ActiveCfg = Debug|Win32
		{214F4EDF-54C3-4EAF-B5D4-0D656E44D5F8}.Debug|x86.Build.0 = Debug|Win32
		{214F4EDF-54C3-4EAF-B5D4-0D656E44D5F8}.Release|x64.ActiveCfg = Release|x64
		{214F4EDF-54C3-4EAF-B5D4-0D656E44D5F8}.Release|x64.Build.0 = Release|x64
		{214F4EDF-54C3-4EAF-B5D4-0D656E44D5F8}.Release|x86.ActiveCfg = Release|Win32
		{214F4EDF-54C3-4EAF-B5D4-0D656E44D5F8}.Release|x86.Build.0 = Release|Win32
		{6F6EEF50-B14E-412F-A826-6520187AADB0}.Debug|x64.ActiveCfg = Debug|x64
		{6F6EEF50-B14E-412F-A826-6520187AADB0}.Debug|x64.Build.0 = Debug|x64
		{6F6EEF50-B14E-412F-A826-6520187AADB0}.Debug|x86.ActiveCfg = Debug|Win32
		{6F6EEF50-B14E-412F-A826-6520187AADB0}.Debug|x86.Build.0 = Debug|Win32
		{6F6EEF50-B14E-412F-A826-6520187AADB0}.Release|x64.ActiveCfg = Release|x64
		{6F6EEF50-B14E-412F-A826-6520187AADB0}.Release|x64.Build.0 = Release|x64
		{6F6EEF50-B14E-412F-A826-6520187AADB0}.Release|x86.ActiveCfg = Release|Win32
		{6F6EEF50-B14E-412F-A826-6520187AADB0}.Release|x86.Build.0 = Release|Win32
		{5D38B7A2-6DC7-4025-8A4D-F15FD3CF120F}.Debug|x64.ActiveCfg = Debug|x64
		{5D38B7A2-6DC7-4025-8A4D-F15FD3CF120F}.Debug|x64.Build.0 = Debug|x64
		{5D38B7A2-6DC7-4025-8A4D-F15FD3CF120F}.Debug|x86.ActiveCfg = Debug|Win32
		{5D38B7A2-6DC7-4025-8A4D-F15FD3CF120F}.Debug|x86.Build.0 = Debug|Win32
		{5D38B7A2-6DC7-4025-8A4D-F15FD3CF120F}.Release|x64.ActiveCfg = Release|x64
		{5D38B7A2-6DC7-4025-8A4D-F15FD3CF120F}.Release|x64.Build.0 = Release|x64
		{5D38B7A2-6DC7-4025-8A4D-F15FD3CF120F}.Release|x86.ActiveCfg = Release|Win32
		{5D38B7A2-6DC7-4025-8A4D-F15FD3CF120F}.Release|x86.Build.0 = Release|Win32
	EndGlobalSection
	GlobalSection(SolutionProperties) = preSolution
		HideSolutionNode = FALSE
	EndGlobalSection
	GlobalSection(ExtensibilityGlobals) = postSolution
		SolutionGuid = {115C428F-6F06-4715-A1B1-DD3996B635E4}
	EndGlobalSection
EndGlobal
